
Microsoft Visual Studio Solution File, Format Version 12.00
# Visual Studio Version 17
VisualStudioVersion = 17.12.35527.113
MinimumVisualStudioVersion = 10.0.40219.1
Project("{FAE04EC0-301F-11D3-BF4B-00C04F79EFBC}") = "SharpBim.GitTracker.Core", "SharpBim.GitTracker.Core\SharpBim.GitTracker.Core.csproj", "{77C21FB6-A74C-B4A2-4FD2-1931375D32AC}"
EndProject
Project("{FAE04EC0-301F-11D3-BF4B-00C04F79EFBC}") = "SharpBim.GitTracker", "SharpBim.GitTracker\SharpBim.GitTracker.csproj", "{7C9DC9DE-0899-4E9E-A899-10945B57C48D}"
EndProject
Project("{FAE04EC0-301F-11D3-BF4B-00C04F79EFBC}") = "VSIXProject1", "VSIXProject1\VSIXProject1.csproj", "{1A834861-A60C-49A5-8535-01BE63FD0B6B}"
EndProject
Project("{FAE04EC0-301F-11D3-BF4B-00C04F79EFBC}") = "SharpBIM.GitTracker.Console", "SharpBIM.GitTracker.Console\SharpBIM.GitTracker.Console.csproj", "{EF2EF93C-63C8-4127-A448-644856427573}"
EndProject
Global
	GlobalSection(SolutionConfigurationPlatforms) = preSolution
		Debug|Any CPU = Debug|Any CPU
		Release|Any CPU = Release|Any CPU
	EndGlobalSection
	GlobalSection(ProjectConfigurationPlatforms) = postSolution
		{77C21FB6-A74C-B4A2-4FD2-1931375D32AC}.Debug|Any CPU.ActiveCfg = Debug|Any CPU
		{77C21FB6-A74C-B4A2-4FD2-1931375D32AC}.Debug|Any CPU.Build.0 = Debug|Any CPU
		{77C21FB6-A74C-B4A2-4FD2-1931375D32AC}.Release|Any CPU.ActiveCfg = Release|Any CPU
		{77C21FB6-A74C-B4A2-4FD2-1931375D32AC}.Release|Any CPU.Build.0 = Release|Any CPU
		{7C9DC9DE-0899-4E9E-A899-10945B57C48D}.Debug|Any CPU.ActiveCfg = Debug|Any CPU
		{7C9DC9DE-0899-4E9E-A899-10945B57C48D}.Debug|Any CPU.Build.0 = Debug|Any CPU
		{7C9DC9DE-0899-4E9E-A899-10945B57C48D}.Release|Any CPU.ActiveCfg = Release|Any CPU
		{7C9DC9DE-0899-4E9E-A899-10945B57C48D}.Release|Any CPU.Build.0 = Release|Any CPU
		{1A834861-A60C-49A5-8535-01BE63FD0B6B}.Debug|Any CPU.ActiveCfg = Debug|Any CPU
		{1A834861-A60C-49A5-8535-01BE63FD0B6B}.Debug|Any CPU.Build.0 = Debug|Any CPU
		{1A834861-A60C-49A5-8535-01BE63FD0B6B}.Release|Any CPU.ActiveCfg = Release|Any CPU
		{1A834861-A60C-49A5-8535-01BE63FD0B6B}.Release|Any CPU.Build.0 = Release|Any CPU
		{EF2EF93C-63C8-4127-A448-644856427573}.Debug|Any CPU.ActiveCfg = Debug|Any CPU
		{EF2EF93C-63C8-4127-A448-644856427573}.Debug|Any CPU.Build.0 = Debug|Any CPU
		{EF2EF93C-63C8-4127-A448-644856427573}.Release|Any CPU.ActiveCfg = Release|Any CPU
		{EF2EF93C-63C8-4127-A448-644856427573}.Release|Any CPU.Build.0 = Release|Any CPU
	EndGlobalSection
	GlobalSection(SolutionProperties) = preSolution
		HideSolutionNode = FALSE
	EndGlobalSection
	GlobalSection(ExtensibilityGlobals) = postSolution
		SolutionGuid = {78A88FC1-FF70-409A-8A90-0AB243BF70AD}
	EndGlobalSection
EndGlobal
